// !$*UTF8*$!
{
	archiveVersion = 1;
	classes = {
	};
	objectVersion = 52;
	objects = {

/* Begin PBXBuildFile section */
		1562113623ECF47F002CBAB2 /* CharacterViewController.swift in Sources */ = {isa = PBXBuildFile; fileRef = 1562113523ECF47F002CBAB2 /* CharacterViewController.swift */; };
		1575B80523EC79080038B41E /* AppDelegate.swift in Sources */ = {isa = PBXBuildFile; fileRef = 1575B80423EC79080038B41E /* AppDelegate.swift */; };
		1575B80723EC79080038B41E /* SceneDelegate.swift in Sources */ = {isa = PBXBuildFile; fileRef = 1575B80623EC79080038B41E /* SceneDelegate.swift */; };
		1575B80923EC79080038B41E /* ViewController.swift in Sources */ = {isa = PBXBuildFile; fileRef = 1575B80823EC79080038B41E /* ViewController.swift */; };
		1575B80C23EC79080038B41E /* Main.storyboard in Resources */ = {isa = PBXBuildFile; fileRef = 1575B80A23EC79080038B41E /* Main.storyboard */; };
		1575B80E23EC79090038B41E /* Assets.xcassets in Resources */ = {isa = PBXBuildFile; fileRef = 1575B80D23EC79090038B41E /* Assets.xcassets */; };
		1575B81123EC79090038B41E /* LaunchScreen.storyboard in Resources */ = {isa = PBXBuildFile; fileRef = 1575B80F23EC79090038B41E /* LaunchScreen.storyboard */; };
		1575B81A23EC79B10038B41E /* RxSwift in Frameworks */ = {isa = PBXBuildFile; productRef = 1575B81923EC79B10038B41E /* RxSwift */; };
		1575B81C23EC79B10038B41E /* RxCocoa in Frameworks */ = {isa = PBXBuildFile; productRef = 1575B81B23EC79B10038B41E /* RxCocoa */; };
/* End PBXBuildFile section */

/* Begin PBXFileReference section */
		1562113523ECF47F002CBAB2 /* CharacterViewController.swift */ = {isa = PBXFileReference; lastKnownFileType = sourcecode.swift; path = CharacterViewController.swift; sourceTree = "<group>"; };
		1575B80123EC79080038B41E /* RxSwiftTutorial.app */ = {isa = PBXFileReference; explicitFileType = wrapper.application; includeInIndex = 0; path = RxSwiftTutorial.app; sourceTree = BUILT_PRODUCTS_DIR; };
		1575B80423EC79080038B41E /* AppDelegate.swift */ = {isa = PBXFileReference; lastKnownFileType = sourcecode.swift; path = AppDelegate.swift; sourceTree = "<group>"; };
		1575B80623EC79080038B41E /* SceneDelegate.swift */ = {isa = PBXFileReference; lastKnownFileType = sourcecode.swift; path = SceneDelegate.swift; sourceTree = "<group>"; };
		1575B80823EC79080038B41E /* ViewController.swift */ = {isa = PBXFileReference; lastKnownFileType = sourcecode.swift; path = ViewController.swift; sourceTree = "<group>"; };
		1575B80B23EC79080038B41E /* Base */ = {isa = PBXFileReference; lastKnownFileType = file.storyboard; name = Base; path = Base.lproj/Main.storyboard; sourceTree = "<group>"; };
		1575B80D23EC79090038B41E /* Assets.xcassets */ = {isa = PBXFileReference; lastKnownFileType = folder.assetcatalog; path = Assets.xcassets; sourceTree = "<group>"; };
		1575B81023EC79090038B41E /* Base */ = {isa = PBXFileReference; lastKnownFileType = file.storyboard; name = Base; path = Base.lproj/LaunchScreen.storyboard; sourceTree = "<group>"; };
		1575B81223EC79090038B41E /* Info.plist */ = {isa = PBXFileReference; lastKnownFileType = text.plist.xml; path = Info.plist; sourceTree = "<group>"; };
/* End PBXFileReference section */

/* Begin PBXFrameworksBuildPhase section */
		1575B7FE23EC79080038B41E /* Frameworks */ = {
			isa = PBXFrameworksBuildPhase;
			buildActionMask = 2147483647;
			files = (
				1575B81C23EC79B10038B41E /* RxCocoa in Frameworks */,
				1575B81A23EC79B10038B41E /* RxSwift in Frameworks */,
			);
			runOnlyForDeploymentPostprocessing = 0;
		};
/* End PBXFrameworksBuildPhase section */

/* Begin PBXGroup section */
		1575B7F823EC79080038B41E = {
			isa = PBXGroup;
			children = (
				1575B80323EC79080038B41E /* RxSwiftTutorial */,
				1575B80223EC79080038B41E /* Products */,
			);
			sourceTree = "<group>";
		};
		1575B80223EC79080038B41E /* Products */ = {
			isa = PBXGroup;
			children = (
				1575B80123EC79080038B41E /* RxSwiftTutorial.app */,
			);
			name = Products;
			sourceTree = "<group>";
		};
		1575B80323EC79080038B41E /* RxSwiftTutorial */ = {
			isa = PBXGroup;
			children = (
				1575B80423EC79080038B41E /* AppDelegate.swift */,
				1575B80623EC79080038B41E /* SceneDelegate.swift */,
				1575B80823EC79080038B41E /* ViewController.swift */,
				1575B80A23EC79080038B41E /* Main.storyboard */,
				1575B80D23EC79090038B41E /* Assets.xcassets */,
				1575B80F23EC79090038B41E /* LaunchScreen.storyboard */,
				1575B81223EC79090038B41E /* Info.plist */,
				1562113523ECF47F002CBAB2 /* CharacterViewController.swift */,
			);
			path = RxSwiftTutorial;
			sourceTree = "<group>";
		};
/* End PBXGroup section */

/* Begin PBXNativeTarget section */
		1575B80023EC79080038B41E /* RxSwiftTutorial */ = {
			isa = PBXNativeTarget;
			buildConfigurationList = 1575B81523EC79090038B41E /* Build configuration list for PBXNativeTarget "RxSwiftTutorial" */;
			buildPhases = (
				1575B7FD23EC79080038B41E /* Sources */,
				1575B7FE23EC79080038B41E /* Frameworks */,
				1575B7FF23EC79080038B41E /* Resources */,
			);
			buildRules = (
			);
			dependencies = (
			);
			name = RxSwiftTutorial;
			packageProductDependencies = (
				1575B81923EC79B10038B41E /* RxSwift */,
				1575B81B23EC79B10038B41E /* RxCocoa */,
			);
			productName = RxSwiftTutorial;
			productReference = 1575B80123EC79080038B41E /* RxSwiftTutorial.app */;
			productType = "com.apple.product-type.application";
		};
/* End PBXNativeTarget section */

/* Begin PBXProject section */
		1575B7F923EC79080038B41E /* Project object */ = {
			isa = PBXProject;
			attributes = {
				LastSwiftUpdateCheck = 1130;
				LastUpgradeCheck = 1130;
				ORGANIZATIONNAME = bruno;
				TargetAttributes = {
					1575B80023EC79080038B41E = {
						CreatedOnToolsVersion = 11.3.1;
					};
				};
			};
			buildConfigurationList = 1575B7FC23EC79080038B41E /* Build configuration list for PBXProject "RxSwiftTutorial" */;
			compatibilityVersion = "Xcode 9.3";
			developmentRegion = en;
			hasScannedForEncodings = 0;
			knownRegions = (
				en,
				Base,
			);
			mainGroup = 1575B7F823EC79080038B41E;
			packageReferences = (
				1575B81823EC79B10038B41E /* XCRemoteSwiftPackageReference "RxSwift" */,
			);
			productRefGroup = 1575B80223EC79080038B41E /* Products */;
			projectDirPath = "";
			projectRoot = "";
			targets = (
				1575B80023EC79080038B41E /* RxSwiftTutorial */,
			);
		};
/* End PBXProject section */

/* Begin PBXResourcesBuildPhase section */
		1575B7FF23EC79080038B41E /* Resources */ = {
			isa = PBXResourcesBuildPhase;
			buildActionMask = 2147483647;
			files = (
				1575B81123EC79090038B41E /* LaunchScreen.storyboard in Resources */,
				1575B80E23EC79090038B41E /* Assets.xcassets in Resources */,
				1575B80C23EC79080038B41E /* Main.storyboard in Resources */,
			);
			runOnlyForDeploymentPostprocessing = 0;
		};
/* End PBXResourcesBuildPhase section */

/* Begin PBXSourcesBuildPhase section */
		1575B7FD23EC79080038B41E /* Sources */ = {
			isa = PBXSourcesBuildPhase;
			buildActionMask = 2147483647;
			files = (
				1575B80923EC79080038B41E /* ViewController.swift in Sources */,
				1575B80523EC79080038B41E /* AppDelegate.swift in Sources */,
				1575B80723EC79080038B41E /* SceneDelegate.swift in Sources */,
				1562113623ECF47F002CBAB2 /* CharacterViewController.swift in Sources */,
			);
			runOnlyForDeploymentPostprocessing = 0;
		};
/* End PBXSourcesBuildPhase section */

/* Begin PBXVariantGroup section */
		1575B80A23EC79080038B41E /* Main.storyboard */ = {
			isa = PBXVariantGroup;
			children = (
				1575B80B23EC79080038B41E /* Base */,
			);
			name = Main.storyboard;
			sourceTree = "<group>";
		};
		1575B80F23EC79090038B41E /* LaunchScreen.storyboard */ = {
			isa = PBXVariantGroup;
			children = (
				1575B81023EC79090038B41E /* Base */,
			);
			name = LaunchScreen.storyboard;
			sourceTree = "<group>";
		};
/* End PBXVariantGroup section */

/* Begin XCBuildConfiguration section */
		1575B81323EC79090038B41E /* Debug */ = {
			isa = XCBuildConfiguration;
			buildSettings = {
				ALWAYS_SEARCH_USER_PATHS = NO;
				CLANG_ANALYZER_NONNULL = YES;
				CLANG_ANALYZER_NUMBER_OBJECT_CONVERSION = YES_AGGRESSIVE;
				CLANG_CXX_LANGUAGE_STANDARD = "gnu++14";
				CLANG_CXX_LIBRARY = "libc++";
				CLANG_ENABLE_MODULES = YES;
				CLANG_ENABLE_OBJC_ARC = YES;
				CLANG_ENABLE_OBJC_WEAK = YES;
				CLANG_WARN_BLOCK_CAPTURE_AUTORELEASING = YES;
				CLANG_WARN_BOOL_CONVERSION = YES;
				CLANG_WARN_COMMA = YES;
				CLANG_WARN_CONSTANT_CONVERSION = YES;
				CLANG_WARN_DEPRECATED_OBJC_IMPLEMENTATIONS = YES;
				CLANG_WARN_DIRECT_OBJC_ISA_USAGE = YES_ERROR;
				CLANG_WARN_DOCUMENTATION_COMMENTS = YES;
				CLANG_WARN_EMPTY_BODY = YES;
				CLANG_WARN_ENUM_CONVERSION = YES;
				CLANG_WARN_INFINITE_RECURSION = YES;
				CLANG_WARN_INT_CONVERSION = YES;
				CLANG_WARN_NON_LITERAL_NULL_CONVERSION = YES;
				CLANG_WARN_OBJC_IMPLICIT_RETAIN_SELF = YES;
				CLANG_WARN_OBJC_LITERAL_CONVERSION = YES;
				CLANG_WARN_OBJC_ROOT_CLASS = YES_ERROR;
				CLANG_WARN_RANGE_LOOP_ANALYSIS = YES;
				CLANG_WARN_STRICT_PROTOTYPES = YES;
				CLANG_WARN_SUSPICIOUS_MOVE = YES;
				CLANG_WARN_UNGUARDED_AVAILABILITY = YES_AGGRESSIVE;
				CLANG_WARN_UNREACHABLE_CODE = YES;
				CLANG_WARN__DUPLICATE_METHOD_MATCH = YES;
				COPY_PHASE_STRIP = NO;
				DEBUG_INFORMATION_FORMAT = dwarf;
				ENABLE_STRICT_OBJC_MSGSEND = YES;
				ENABLE_TESTABILITY = YES;
				GCC_C_LANGUAGE_STANDARD = gnu11;
				GCC_DYNAMIC_NO_PIC = NO;
				GCC_NO_COMMON_BLOCKS = YES;
				GCC_OPTIMIZATION_LEVEL = 0;
				GCC_PREPROCESSOR_DEFINITIONS = (
					"DEBUG=1",
					"$(inherited)",
				);
				GCC_WARN_64_TO_32_BIT_CONVERSION = YES;
				GCC_WARN_ABOUT_RETURN_TYPE = YES_ERROR;
				GCC_WARN_UNDECLARED_SELECTOR = YES;
				GCC_WARN_UNINITIALIZED_AUTOS = YES_AGGRESSIVE;
				GCC_WARN_UNUSED_FUNCTION = YES;
				GCC_WARN_UNUSED_VARIABLE = YES;
				IPHONEOS_DEPLOYMENT_TARGET = 13.2;
				MTL_ENABLE_DEBUG_INFO = INCLUDE_SOURCE;
				MTL_FAST_MATH = YES;
				ONLY_ACTIVE_ARCH = YES;
				SDKROOT = iphoneos;
				SWIFT_ACTIVE_COMPILATION_CONDITIONS = DEBUG;
				SWIFT_OPTIMIZATION_LEVEL = "-Onone";
			};
			name = Debug;
		};
		1575B81423EC79090038B41E /* Release */ = {
			isa = XCBuildConfiguration;
			buildSettings = {
				ALWAYS_SEARCH_USER_PATHS = NO;
				CLANG_ANALYZER_NONNULL = YES;
				CLANG_ANALYZER_NUMBER_OBJECT_CONVERSION = YES_AGGRESSIVE;
				CLANG_CXX_LANGUAGE_STANDARD = "gnu++14";
				CLANG_CXX_LIBRARY = "libc++";
				CLANG_ENABLE_MODULES = YES;
				CLANG_ENABLE_OBJC_ARC = YES;
				CLANG_ENABLE_OBJC_WEAK = YES;
				CLANG_WARN_BLOCK_CAPTURE_AUTORELEASING = YES;
				CLANG_WARN_BOOL_CONVERSION = YES;
				CLANG_WARN_COMMA = YES;
				CLANG_WARN_CONSTANT_CONVERSION = YES;
				CLANG_WARN_DEPRECATED_OBJC_IMPLEMENTATIONS = YES;
				CLANG_WARN_DIRECT_OBJC_ISA_USAGE = YES_ERROR;
				CLANG_WARN_DOCUMENTATION_COMMENTS = YES;
				CLANG_WARN_EMPTY_BODY = YES;
				CLANG_WARN_ENUM_CONVERSION = YES;
				CLANG_WARN_INFINITE_RECURSION = YES;
				CLANG_WARN_INT_CONVERSION = YES;
				CLANG_WARN_NON_LITERAL_NULL_CONVERSION = YES;
				CLANG_WARN_OBJC_IMPLICIT_RETAIN_SELF = YES;
				CLANG_WARN_OBJC_LITERAL_CONVERSION = YES;
				CLANG_WARN_OBJC_ROOT_CLASS = YES_ERROR;
				CLANG_WARN_RANGE_LOOP_ANALYSIS = YES;
				CLANG_WARN_STRICT_PROTOTYPES = YES;
				CLANG_WARN_SUSPICIOUS_MOVE = YES;
				CLANG_WARN_UNGUARDED_AVAILABILITY = YES_AGGRESSIVE;
				CLANG_WARN_UNREACHABLE_CODE = YES;
				CLANG_WARN__DUPLICATE_METHOD_MATCH = YES;
				COPY_PHASE_STRIP = NO;
				DEBUG_INFORMATION_FORMAT = "dwarf-with-dsym";
				ENABLE_NS_ASSERTIONS = NO;
				ENABLE_STRICT_OBJC_MSGSEND = YES;
				GCC_C_LANGUAGE_STANDARD = gnu11;
				GCC_NO_COMMON_BLOCKS = YES;
				GCC_WARN_64_TO_32_BIT_CONVERSION = YES;
				GCC_WARN_ABOUT_RETURN_TYPE = YES_ERROR;
				GCC_WARN_UNDECLARED_SELECTOR = YES;
				GCC_WARN_UNINITIALIZED_AUTOS = YES_AGGRESSIVE;
				GCC_WARN_UNUSED_FUNCTION = YES;
				GCC_WARN_UNUSED_VARIABLE = YES;
				IPHONEOS_DEPLOYMENT_TARGET = 13.2;
				MTL_ENABLE_DEBUG_INFO = NO;
				MTL_FAST_MATH = YES;
				SDKROOT = iphoneos;
				SWIFT_COMPILATION_MODE = wholemodule;
				SWIFT_OPTIMIZATION_LEVEL = "-O";
				VALIDATE_PRODUCT = YES;
			};
			name = Release;
		};
		1575B81623EC79090038B41E /* Debug */ = {
			isa = XCBuildConfiguration;
			buildSettings = {
				ASSETCATALOG_COMPILER_APPICON_NAME = AppIcon;
				CODE_SIGN_STYLE = Automatic;
				DEVELOPMENT_TEAM = RDTR6557FX;
				INFOPLIST_FILE = RxSwiftTutorial/Info.plist;
				LD_RUNPATH_SEARCH_PATHS = (
					"$(inherited)",
					"@executable_path/Frameworks",
				);
				PRODUCT_BUNDLE_IDENTIFIER = bruno.RxSwiftTutorial;
				PRODUCT_NAME = "$(TARGET_NAME)";
				SWIFT_VERSION = 5.0;
				TARGETED_DEVICE_FAMILY = "1,2";
			};
			name = Debug;
		};
		1575B81723EC79090038B41E /* Release */ = {
			isa = XCBuildConfiguration;
			buildSettings = {
				ASSETCATALOG_COMPILER_APPICON_NAME = AppIcon;
				CODE_SIGN_STYLE = Automatic;
				DEVELOPMENT_TEAM = RDTR6557FX;
				INFOPLIST_FILE = RxSwiftTutorial/Info.plist;
				LD_RUNPATH_SEARCH_PATHS = (
					"$(inherited)",
					"@executable_path/Frameworks",
				);
				PRODUCT_BUNDLE_IDENTIFIER = bruno.RxSwiftTutorial;
				PRODUCT_NAME = "$(TARGET_NAME)";
				SWIFT_VERSION = 5.0;
				TARGETED_DEVICE_FAMILY = "1,2";
			};
			name = Release;
		};
/* End XCBuildConfiguration section */

/* Begin XCConfigurationList section */
		1575B7FC23EC79080038B41E /* Build configuration list for PBXProject "RxSwiftTutorial" */ = {
			isa = XCConfigurationList;
			buildConfigurations = (
				1575B81323EC79090038B41E /* Debug */,
				1575B81423EC79090038B41E /* Release */,
			);
			defaultConfigurationIsVisible = 0;
			defaultConfigurationName = Release;
		};
		1575B81523EC79090038B41E /* Build configuration list for PBXNativeTarget "RxSwiftTutorial" */ = {
			isa = XCConfigurationList;
			buildConfigurations = (
				1575B81623EC79090038B41E /* Debug */,
				1575B81723EC79090038B41E /* Release */,
			);
			defaultConfigurationIsVisible = 0;
			defaultConfigurationName = Release;
		};
/* End XCConfigurationList section */

/* Begin XCRemoteSwiftPackageReference section */
		1575B81823EC79B10038B41E /* XCRemoteSwiftPackageReference "RxSwift" */ = {
			isa = XCRemoteSwiftPackageReference;
			repositoryURL = "https://github.com/ReactiveX/RxSwift";
			requirement = {
				kind = upToNextMajorVersion;
				minimumVersion = 5.0.1;
			};
		};
/* End XCRemoteSwiftPackageReference section */

/* Begin XCSwiftPackageProductDependency section */
		1575B81923EC79B10038B41E /* RxSwift */ = {
			isa = XCSwiftPackageProductDependency;
			package = 1575B81823EC79B10038B41E /* XCRemoteSwiftPackageReference "RxSwift" */;
			productName = RxSwift;
		};
		1575B81B23EC79B10038B41E /* RxCocoa */ = {
			isa = XCSwiftPackageProductDependency;
			package = 1575B81823EC79B10038B41E /* XCRemoteSwiftPackageReference "RxSwift" */;
			productName = RxCocoa;
		};
/* End XCSwiftPackageProductDependency section */
	};
	rootObject = 1575B7F923EC79080038B41E /* Project object */;
}
